
Microsoft Visual Studio Solution File, Format Version 12.00
# Visual Studio Version 17
VisualStudioVersion = 17.11.35312.102
MinimumVisualStudioVersion = 10.0.40219.1
Project("{FAE04EC0-301F-11D3-BF4B-00C04F79EFBC}") = "UpBikerCRM.Core", "UpBikerCRM.Core\UpBikerCRM.Core.csproj", "{0C538C98-1AEA-4549-A3E8-870070600CAE}"
EndProject
Project("{FAE04EC0-301F-11D3-BF4B-00C04F79EFBC}") = "UpBikerCRM.Infraestructure", "UpBikerCRM.Infraestructure\UpBikerCRM.Infraestructure.csproj", "{0026E1BD-EEEE-4E25-AC14-A099E67E2165}"
EndProject
Project("{FAE04EC0-301F-11D3-BF4B-00C04F79EFBC}") = "UpBikerCRM.API", "UpBikerCRM.API\UpBikerCRM.API.csproj", "{69FDCBFE-878B-4673-BAF7-260C1DD1CCFD}"
EndProject
Global
	GlobalSection(SolutionConfigurationPlatforms) = preSolution
		Debug|Any CPU = Debug|Any CPU
		Release|Any CPU = Release|Any CPU
	EndGlobalSection
	GlobalSection(ProjectConfigurationPlatforms) = postSolution
		{0C538C98-1AEA-4549-A3E8-870070600CAE}.Debug|Any CPU.ActiveCfg = Debug|Any CPU
		{0C538C98-1AEA-4549-A3E8-870070600CAE}.Debug|Any CPU.Build.0 = Debug|Any CPU
		{0C538C98-1AEA-4549-A3E8-870070600CAE}.Release|Any CPU.ActiveCfg = Release|Any CPU
		{0C538C98-1AEA-4549-A3E8-870070600CAE}.Release|Any CPU.Build.0 = Release|Any CPU
		{0026E1BD-EEEE-4E25-AC14-A099E67E2165}.Debug|Any CPU.ActiveCfg = Debug|Any CPU
		{0026E1BD-EEEE-4E25-AC14-A099E67E2165}.Debug|Any CPU.Build.0 = Debug|Any CPU
		{0026E1BD-EEEE-4E25-AC14-A099E67E2165}.Release|Any CPU.ActiveCfg = Release|Any CPU
		{0026E1BD-EEEE-4E25-AC14-A099E67E2165}.Release|Any CPU.Build.0 = Release|Any CPU
		{69FDCBFE-878B-4673-BAF7-260C1DD1CCFD}.Debug|Any CPU.ActiveCfg = Debug|Any CPU
		{69FDCBFE-878B-4673-BAF7-260C1DD1CCFD}.Debug|Any CPU.Build.0 = Debug|Any CPU
		{69FDCBFE-878B-4673-BAF7-260C1DD1CCFD}.Release|Any CPU.ActiveCfg = Release|Any CPU
		{69FDCBFE-878B-4673-BAF7-260C1DD1CCFD}.Release|Any CPU.Build.0 = Release|Any CPU
	EndGlobalSection
	GlobalSection(SolutionProperties) = preSolution
		HideSolutionNode = FALSE
	EndGlobalSection
	GlobalSection(ExtensibilityGlobals) = postSolution
		SolutionGuid = {F8735B07-8E8B-4CCC-AFAB-CC40A0FF7B35}
	EndGlobalSection
EndGlobal
